
Microsoft Visual Studio Solution File, Format Version 12.00
# Visual Studio 15
VisualStudioVersion = 15.0.27130.2036
MinimumVisualStudioVersion = 10.0.40219.1
Project("{FAE04EC0-301F-11D3-BF4B-00C04F79EFBC}") = "eFinancesWF", "eFinancesWF\eFinancesWF.csproj", "{F4E291D0-9515-474B-998A-F7FB2AE27B71}"
EndProject
Project("{FAE04EC0-301F-11D3-BF4B-00C04F79EFBC}") = "eFinances.Common", "eFinances.Common\eFinances.Common.csproj", "{A2744EBE-305C-4434-B31D-46B4AFF7E2EC}"
EndProject
Project("{FAE04EC0-301F-11D3-BF4B-00C04F79EFBC}") = "eFinances.ServiceLayer", "eFinancesServiceLayer\eFinances.ServiceLayer.csproj", "{C1CD06A6-AD91-4AE3-8313-C1B1A61A74EC}"
EndProject
Project("{FAE04EC0-301F-11D3-BF4B-00C04F79EFBC}") = "eFinances.DataLayer", "eFinances.DataLayer\eFinances.DataLayer.csproj", "{6BBCAC11-83A8-4D0C-9361-0B927BF52AA6}"
EndProject
Project("{FAE04EC0-301F-11D3-BF4B-00C04F79EFBC}") = "eFinances.BusinessLayer", "eFinances.BusinessLayer\eFinances.BusinessLayer.csproj", "{B6C272D3-6737-4B4F-9A8C-B05703600BC6}"
	ProjectSection(ProjectDependencies) = postProject
		{C1CD06A6-AD91-4AE3-8313-C1B1A61A74EC} = {C1CD06A6-AD91-4AE3-8313-C1B1A61A74EC}
	EndProjectSection
EndProject
Project("{FAE04EC0-301F-11D3-BF4B-00C04F79EFBC}") = "eFinances.UI", "eFinances.UI\eFinances.UI.csproj", "{1BB78A33-2A93-4889-923A-CFF28B552811}"
EndProject
Project("{FAE04EC0-301F-11D3-BF4B-00C04F79EFBC}") = "eFinances.DAL", "eFinances.DAL\eFinances.DAL.csproj", "{B425EBCA-4625-49BB-8A01-30847CF45F02}"
EndProject
Project("{FAE04EC0-301F-11D3-BF4B-00C04F79EFBC}") = "eFinances.App.Common", "eFinances.App.Common\eFinances.App.Common.csproj", "{5636B6BC-4096-48DE-87FC-1779C92872B0}"
EndProject
Global
	GlobalSection(SolutionConfigurationPlatforms) = preSolution
		Debug|Any CPU = Debug|Any CPU
		Release|Any CPU = Release|Any CPU
	EndGlobalSection
	GlobalSection(ProjectConfigurationPlatforms) = postSolution
		{F4E291D0-9515-474B-998A-F7FB2AE27B71}.Debug|Any CPU.ActiveCfg = Debug|Any CPU
		{F4E291D0-9515-474B-998A-F7FB2AE27B71}.Debug|Any CPU.Build.0 = Debug|Any CPU
		{F4E291D0-9515-474B-998A-F7FB2AE27B71}.Release|Any CPU.ActiveCfg = Release|Any CPU
		{F4E291D0-9515-474B-998A-F7FB2AE27B71}.Release|Any CPU.Build.0 = Release|Any CPU
		{A2744EBE-305C-4434-B31D-46B4AFF7E2EC}.Debug|Any CPU.ActiveCfg = Debug|Any CPU
		{A2744EBE-305C-4434-B31D-46B4AFF7E2EC}.Debug|Any CPU.Build.0 = Debug|Any CPU
		{A2744EBE-305C-4434-B31D-46B4AFF7E2EC}.Release|Any CPU.ActiveCfg = Release|Any CPU
		{A2744EBE-305C-4434-B31D-46B4AFF7E2EC}.Release|Any CPU.Build.0 = Release|Any CPU
		{C1CD06A6-AD91-4AE3-8313-C1B1A61A74EC}.Debug|Any CPU.ActiveCfg = Debug|Any CPU
		{C1CD06A6-AD91-4AE3-8313-C1B1A61A74EC}.Debug|Any CPU.Build.0 = Debug|Any CPU
		{C1CD06A6-AD91-4AE3-8313-C1B1A61A74EC}.Release|Any CPU.ActiveCfg = Release|Any CPU
		{C1CD06A6-AD91-4AE3-8313-C1B1A61A74EC}.Release|Any CPU.Build.0 = Release|Any CPU
		{6BBCAC11-83A8-4D0C-9361-0B927BF52AA6}.Debug|Any CPU.ActiveCfg = Debug|Any CPU
		{6BBCAC11-83A8-4D0C-9361-0B927BF52AA6}.Debug|Any CPU.Build.0 = Debug|Any CPU
		{6BBCAC11-83A8-4D0C-9361-0B927BF52AA6}.Release|Any CPU.ActiveCfg = Release|Any CPU
		{6BBCAC11-83A8-4D0C-9361-0B927BF52AA6}.Release|Any CPU.Build.0 = Release|Any CPU
		{B6C272D3-6737-4B4F-9A8C-B05703600BC6}.Debug|Any CPU.ActiveCfg = Debug|Any CPU
		{B6C272D3-6737-4B4F-9A8C-B05703600BC6}.Debug|Any CPU.Build.0 = Debug|Any CPU
		{B6C272D3-6737-4B4F-9A8C-B05703600BC6}.Release|Any CPU.ActiveCfg = Release|Any CPU
		{B6C272D3-6737-4B4F-9A8C-B05703600BC6}.Release|Any CPU.Build.0 = Release|Any CPU
		{1BB78A33-2A93-4889-923A-CFF28B552811}.Debug|Any CPU.ActiveCfg = Debug|Any CPU
		{1BB78A33-2A93-4889-923A-CFF28B552811}.Debug|Any CPU.Build.0 = Debug|Any CPU
		{1BB78A33-2A93-4889-923A-CFF28B552811}.Release|Any CPU.ActiveCfg = Release|Any CPU
		{1BB78A33-2A93-4889-923A-CFF28B552811}.Release|Any CPU.Build.0 = Release|Any CPU
		{B425EBCA-4625-49BB-8A01-30847CF45F02}.Debug|Any CPU.ActiveCfg = Debug|Any CPU
		{B425EBCA-4625-49BB-8A01-30847CF45F02}.Debug|Any CPU.Build.0 = Debug|Any CPU
		{B425EBCA-4625-49BB-8A01-30847CF45F02}.Release|Any CPU.ActiveCfg = Release|Any CPU
		{B425EBCA-4625-49BB-8A01-30847CF45F02}.Release|Any CPU.Build.0 = Release|Any CPU
		{5636B6BC-4096-48DE-87FC-1779C92872B0}.Debug|Any CPU.ActiveCfg = Debug|Any CPU
		{5636B6BC-4096-48DE-87FC-1779C92872B0}.Debug|Any CPU.Build.0 = Debug|Any CPU
		{5636B6BC-4096-48DE-87FC-1779C92872B0}.Release|Any CPU.ActiveCfg = Release|Any CPU
		{5636B6BC-4096-48DE-87FC-1779C92872B0}.Release|Any CPU.Build.0 = Release|Any CPU
	EndGlobalSection
	GlobalSection(SolutionProperties) = preSolution
		HideSolutionNode = FALSE
	EndGlobalSection
	GlobalSection(ExtensibilityGlobals) = postSolution
		SolutionGuid = {715B07FD-16EF-4B41-A4EE-2ECD4A693D3C}
	EndGlobalSection
EndGlobal
